
Microsoft Visual Studio Solution File, Format Version 12.00
# Visual Studio Version 16
VisualStudioVersion = 16.0.31702.278
MinimumVisualStudioVersion = 10.0.40219.1
Project("{FAE04EC0-301F-11D3-BF4B-00C04F79EFBC}") = "WebApplication1", "WebApplication1.csproj", "{77C487CB-E291-4860-9617-3CB5BCFA126C}"
EndProject
Global
	GlobalSection(SolutionConfigurationPlatforms) = preSolution
		Debug|Any CPU = Debug|Any CPU
		Release|Any CPU = Release|Any CPU
	EndGlobalSection
	GlobalSection(ProjectConfigurationPlatforms) = postSolution
		{77C487CB-E291-4860-9617-3CB5BCFA126C}.Debug|Any CPU.ActiveCfg = Debug|Any CPU
		{77C487CB-E291-4860-9617-3CB5BCFA126C}.Debug|Any CPU.Build.0 = Debug|Any CPU
		{77C487CB-E291-4860-9617-3CB5BCFA126C}.Release|Any CPU.ActiveCfg = Release|Any CPU
		{77C487CB-E291-4860-9617-3CB5BCFA126C}.Release|Any CPU.Build.0 = Release|Any CPU
	EndGlobalSection
	GlobalSection(SolutionProperties) = preSolution
		HideSolutionNode = FALSE
	EndGlobalSection
	GlobalSection(ExtensibilityGlobals) = postSolution
		SolutionGuid = {8001A19C-C846-4356-B0E9-1BCCA3A2AE1C}
	EndGlobalSection
EndGlobal
